
Microsoft Visual Studio Solution File, Format Version 12.00
# Visual Studio Version 17
VisualStudioVersion = 17.10.34928.147
MinimumVisualStudioVersion = 10.0.40219.1
Project("{FAE04EC0-301F-11D3-BF4B-00C04F79EFBC}") = "ProductCatalogManagement.Server", "ProductCatalogManagement.Server\ProductCatalogManagement.Server.csproj", "{F7A8E87D-B42E-4D49-B2D9-E9E16BC3B1D7}"
EndProject
Project("{54A90642-561A-4BB1-A94E-469ADEE60C69}") = "productcatalogmanagement.client", "productcatalogmanagement.client\productcatalogmanagement.client.esproj", "{8F02E487-49DE-404D-8CE5-6E824D22D2D6}"
EndProject
Global
	GlobalSection(SolutionConfigurationPlatforms) = preSolution
		Debug|Any CPU = Debug|Any CPU
		Release|Any CPU = Release|Any CPU
	EndGlobalSection
	GlobalSection(ProjectConfigurationPlatforms) = postSolution
		{F7A8E87D-B42E-4D49-B2D9-E9E16BC3B1D7}.Debug|Any CPU.ActiveCfg = Debug|Any CPU
		{F7A8E87D-B42E-4D49-B2D9-E9E16BC3B1D7}.Debug|Any CPU.Build.0 = Debug|Any CPU
		{F7A8E87D-B42E-4D49-B2D9-E9E16BC3B1D7}.Release|Any CPU.ActiveCfg = Release|Any CPU
		{F7A8E87D-B42E-4D49-B2D9-E9E16BC3B1D7}.Release|Any CPU.Build.0 = Release|Any CPU
		{8F02E487-49DE-404D-8CE5-6E824D22D2D6}.Debug|Any CPU.ActiveCfg = Debug|Any CPU
		{8F02E487-49DE-404D-8CE5-6E824D22D2D6}.Debug|Any CPU.Build.0 = Debug|Any CPU
		{8F02E487-49DE-404D-8CE5-6E824D22D2D6}.Debug|Any CPU.Deploy.0 = Debug|Any CPU
		{8F02E487-49DE-404D-8CE5-6E824D22D2D6}.Release|Any CPU.ActiveCfg = Release|Any CPU
		{8F02E487-49DE-404D-8CE5-6E824D22D2D6}.Release|Any CPU.Build.0 = Release|Any CPU
		{8F02E487-49DE-404D-8CE5-6E824D22D2D6}.Release|Any CPU.Deploy.0 = Release|Any CPU
	EndGlobalSection
	GlobalSection(SolutionProperties) = preSolution
		HideSolutionNode = FALSE
	EndGlobalSection
	GlobalSection(ExtensibilityGlobals) = postSolution
		SolutionGuid = {36582C92-2DAA-45A1-A9EC-0907838A2D64}
	EndGlobalSection
EndGlobal
